
Microsoft Visual Studio Solution File, Format Version 12.00
# Visual Studio 15
Project("{FAE04EC0-301F-11D3-BF4B-00C04F79EFBC}") = "Assembly-CSharp", "Assembly-CSharp.csproj", "{721649AF-25C3-1E63-284B-3FEE2736CD5D}"
EndProject
Project("{FAE04EC0-301F-11D3-BF4B-00C04F79EFBC}") = "Assembly-CSharp-Editor", "Assembly-CSharp-Editor.csproj", "{226C2D2B-9B87-DBBE-02C2-6C4E8B6AF999}"
EndProject
Global
	GlobalSection(SolutionConfigurationPlatforms) = preSolution
		Debug|Any CPU = Debug|Any CPU
		Release|Any CPU = Release|Any CPU
	EndGlobalSection
	GlobalSection(ProjectConfigurationPlatforms) = postSolution
		{721649AF-25C3-1E63-284B-3FEE2736CD5D}.Debug|Any CPU.ActiveCfg = Debug|Any CPU
		{721649AF-25C3-1E63-284B-3FEE2736CD5D}.Debug|Any CPU.Build.0 = Debug|Any CPU
		{721649AF-25C3-1E63-284B-3FEE2736CD5D}.Release|Any CPU.ActiveCfg = Release|Any CPU
		{721649AF-25C3-1E63-284B-3FEE2736CD5D}.Release|Any CPU.Build.0 = Release|Any CPU
		{226C2D2B-9B87-DBBE-02C2-6C4E8B6AF999}.Debug|Any CPU.ActiveCfg = Debug|Any CPU
		{226C2D2B-9B87-DBBE-02C2-6C4E8B6AF999}.Debug|Any CPU.Build.0 = Debug|Any CPU
		{226C2D2B-9B87-DBBE-02C2-6C4E8B6AF999}.Release|Any CPU.ActiveCfg = Release|Any CPU
		{226C2D2B-9B87-DBBE-02C2-6C4E8B6AF999}.Release|Any CPU.Build.0 = Release|Any CPU
	EndGlobalSection
	GlobalSection(SolutionProperties) = preSolution
		HideSolutionNode = FALSE
	EndGlobalSection
EndGlobal
